
Microsoft Visual Studio Solution File, Format Version 12.00
# Visual Studio Version 16
VisualStudioVersion = 16.0.29409.12
MinimumVisualStudioVersion = 10.0.40219.1
Project("{8BC9CEB8-8B4A-11D0-8D11-00A0C91BC942}") = "Regex", "Regex\Regex.vcxproj", "{5942ACC1-7A20-4F62-BB8D-D86653226FA8}"
EndProject
Global
	GlobalSection(SolutionConfigurationPlatforms) = preSolution
		Debug|x64 = Debug|x64
		Debug|x86 = Debug|x86
		Release|x64 = Release|x64
		Release|x86 = Release|x86
	EndGlobalSection
	GlobalSection(ProjectConfigurationPlatforms) = postSolution
		{5942ACC1-7A20-4F62-BB8D-D86653226FA8}.Debug|x64.ActiveCfg = Debug|x64
		{5942ACC1-7A20-4F62-BB8D-D86653226FA8}.Debug|x64.Build.0 = Debug|x64
		{5942ACC1-7A20-4F62-BB8D-D86653226FA8}.Debug|x86.ActiveCfg = Debug|Win32
		{5942ACC1-7A20-4F62-BB8D-D86653226FA8}.Debug|x86.Build.0 = Debug|Win32
		{5942ACC1-7A20-4F62-BB8D-D86653226FA8}.Release|x64.ActiveCfg = Release|x64
		{5942ACC1-7A20-4F62-BB8D-D86653226FA8}.Release|x64.Build.0 = Release|x64
		{5942ACC1-7A20-4F62-BB8D-D86653226FA8}.Release|x86.ActiveCfg = Release|Win32
		{5942ACC1-7A20-4F62-BB8D-D86653226FA8}.Release|x86.Build.0 = Release|Win32
	EndGlobalSection
	GlobalSection(SolutionProperties) = preSolution
		HideSolutionNode = FALSE
	EndGlobalSection
	GlobalSection(ExtensibilityGlobals) = postSolution
		SolutionGuid = {210D8248-6928-437F-8CDE-578FD40C0508}
	EndGlobalSection
EndGlobal
